
Microsoft Visual Studio Solution File, Format Version 12.00
# Visual Studio Version 17
VisualStudioVersion = 17.11.35222.181
MinimumVisualStudioVersion = 10.0.40219.1
Project("{FAE04EC0-301F-11D3-BF4B-00C04F79EFBC}") = "Registro", "Registro\Registro.csproj", "{D3F8BFBB-7620-4925-A4CE-F4CEF74622FD}"
EndProject
Global
	GlobalSection(SolutionConfigurationPlatforms) = preSolution
		Debug|Any CPU = Debug|Any CPU
		Release|Any CPU = Release|Any CPU
	EndGlobalSection
	GlobalSection(ProjectConfigurationPlatforms) = postSolution
		{D3F8BFBB-7620-4925-A4CE-F4CEF74622FD}.Debug|Any CPU.ActiveCfg = Debug|Any CPU
		{D3F8BFBB-7620-4925-A4CE-F4CEF74622FD}.Debug|Any CPU.Build.0 = Debug|Any CPU
		{D3F8BFBB-7620-4925-A4CE-F4CEF74622FD}.Release|Any CPU.ActiveCfg = Release|Any CPU
		{D3F8BFBB-7620-4925-A4CE-F4CEF74622FD}.Release|Any CPU.Build.0 = Release|Any CPU
	EndGlobalSection
	GlobalSection(SolutionProperties) = preSolution
		HideSolutionNode = FALSE
	EndGlobalSection
	GlobalSection(ExtensibilityGlobals) = postSolution
		SolutionGuid = {FAA33881-FF4C-466A-946F-BC593642B298}
	EndGlobalSection
EndGlobal
